
Microsoft Visual Studio Solution File, Format Version 12.00
# Visual Studio 15
VisualStudioVersion = 15.0.27130.2026
MinimumVisualStudioVersion = 10.0.40219.1
Project("{FAE04EC0-301F-11D3-BF4B-00C04F79EFBC}") = "CtrlCEnabler", "CtrlCEnabler.csproj", "{027A0D34-5D00-432C-AC73-17390F0D93C8}"
EndProject
Project("{2150E333-8FDC-42A3-9474-1A3956D46DE8}") = "README", "README", "{D5E01393-C29E-4CE5-9943-58B1CBCBD909}"
	ProjectSection(SolutionItems) = preProject
		LICENSE = LICENSE
		README.md = README.md
	EndProjectSection
EndProject
Global
	GlobalSection(SolutionConfigurationPlatforms) = preSolution
		Debug|Any CPU = Debug|Any CPU
		Release|Any CPU = Release|Any CPU
	EndGlobalSection
	GlobalSection(ProjectConfigurationPlatforms) = postSolution
		{027A0D34-5D00-432C-AC73-17390F0D93C8}.Debug|Any CPU.ActiveCfg = Debug|Any CPU
		{027A0D34-5D00-432C-AC73-17390F0D93C8}.Debug|Any CPU.Build.0 = Debug|Any CPU
		{027A0D34-5D00-432C-AC73-17390F0D93C8}.Release|Any CPU.ActiveCfg = Release|Any CPU
		{027A0D34-5D00-432C-AC73-17390F0D93C8}.Release|Any CPU.Build.0 = Release|Any CPU
	EndGlobalSection
	GlobalSection(SolutionProperties) = preSolution
		HideSolutionNode = FALSE
	EndGlobalSection
	GlobalSection(ExtensibilityGlobals) = postSolution
		SolutionGuid = {561D0B75-2A8E-4945-BBEA-F4E146EF2741}
	EndGlobalSection
EndGlobal
